
Microsoft Visual Studio Solution File, Format Version 12.00
# Visual Studio Version 16
VisualStudioVersion = 16.0.30717.126
MinimumVisualStudioVersion = 10.0.40219.1
Project("{FAE04EC0-301F-11D3-BF4B-00C04F79EFBC}") = "EfModelFirst", "EfModelFirst\EfModelFirst.csproj", "{4CBB09AA-1253-47DD-B21D-39344B466BB8}"
EndProject
Global
	GlobalSection(SolutionConfigurationPlatforms) = preSolution
		Debug|Any CPU = Debug|Any CPU
		Release|Any CPU = Release|Any CPU
	EndGlobalSection
	GlobalSection(ProjectConfigurationPlatforms) = postSolution
		{4CBB09AA-1253-47DD-B21D-39344B466BB8}.Debug|Any CPU.ActiveCfg = Debug|Any CPU
		{4CBB09AA-1253-47DD-B21D-39344B466BB8}.Debug|Any CPU.Build.0 = Debug|Any CPU
		{4CBB09AA-1253-47DD-B21D-39344B466BB8}.Release|Any CPU.ActiveCfg = Release|Any CPU
		{4CBB09AA-1253-47DD-B21D-39344B466BB8}.Release|Any CPU.Build.0 = Release|Any CPU
	EndGlobalSection
	GlobalSection(SolutionProperties) = preSolution
		HideSolutionNode = FALSE
	EndGlobalSection
	GlobalSection(ExtensibilityGlobals) = postSolution
		SolutionGuid = {A774CA97-B178-4A21-A513-65EE1069CACB}
	EndGlobalSection
EndGlobal
